// !$*UTF8*$!
{
	archiveVersion = 1;
	classes = {
	};
	objectVersion = 56;
	objects = {

/* Begin PBXBuildFile section */
		F52055E72947889100667A31 /* ImageLoadingView.swift in Sources */ = {isa = PBXBuildFile; fileRef = F52055E62947889100667A31 /* ImageLoadingView.swift */; };
		F52055E929478A3900667A31 /* AlbumRowView.swift in Sources */ = {isa = PBXBuildFile; fileRef = F52055E829478A3900667A31 /* AlbumRowView.swift */; };
		F53A0764293FFF16000BBA11 /* Task_iTunes_AppApp.swift in Sources */ = {isa = PBXBuildFile; fileRef = F53A0763293FFF16000BBA11 /* Task_iTunes_AppApp.swift */; };
		F53A0766293FFF16000BBA11 /* LaunchView.swift in Sources */ = {isa = PBXBuildFile; fileRef = F53A0765293FFF16000BBA11 /* LaunchView.swift */; };
		F53A0768293FFF17000BBA11 /* Assets.xcassets in Resources */ = {isa = PBXBuildFile; fileRef = F53A0767293FFF17000BBA11 /* Assets.xcassets */; };
		F53A076B293FFF17000BBA11 /* Preview Assets.xcassets in Resources */ = {isa = PBXBuildFile; fileRef = F53A076A293FFF17000BBA11 /* Preview Assets.xcassets */; };
		F53A077D294003BD000BBA11 /* Album.swift in Sources */ = {isa = PBXBuildFile; fileRef = F53A077C294003BD000BBA11 /* Album.swift */; };
		F53A077F2940079C000BBA11 /* AlbumViewModel.swift in Sources */ = {isa = PBXBuildFile; fileRef = F53A077E2940079C000BBA11 /* AlbumViewModel.swift */; };
		F53A07842940157A000BBA11 /* AlbumSearchView.swift in Sources */ = {isa = PBXBuildFile; fileRef = F53A07832940157A000BBA11 /* AlbumSearchView.swift */; };
/* End PBXBuildFile section */

/* Begin PBXFileReference section */
		F52055E62947889100667A31 /* ImageLoadingView.swift */ = {isa = PBXFileReference; lastKnownFileType = sourcecode.swift; path = ImageLoadingView.swift; sourceTree = "<group>"; };
		F52055E829478A3900667A31 /* AlbumRowView.swift */ = {isa = PBXFileReference; lastKnownFileType = sourcecode.swift; path = AlbumRowView.swift; sourceTree = "<group>"; };
		F53A0760293FFF16000BBA11 /* Task iTunes App.app */ = {isa = PBXFileReference; explicitFileType = wrapper.application; includeInIndex = 0; path = "Task iTunes App.app"; sourceTree = BUILT_PRODUCTS_DIR; };
		F53A0763293FFF16000BBA11 /* Task_iTunes_AppApp.swift */ = {isa = PBXFileReference; lastKnownFileType = sourcecode.swift; path = Task_iTunes_AppApp.swift; sourceTree = "<group>"; };
		F53A0765293FFF16000BBA11 /* LaunchView.swift */ = {isa = PBXFileReference; lastKnownFileType = sourcecode.swift; path = LaunchView.swift; sourceTree = "<group>"; };
		F53A0767293FFF17000BBA11 /* Assets.xcassets */ = {isa = PBXFileReference; lastKnownFileType = folder.assetcatalog; path = Assets.xcassets; sourceTree = "<group>"; };
		F53A076A293FFF17000BBA11 /* Preview Assets.xcassets */ = {isa = PBXFileReference; lastKnownFileType = folder.assetcatalog; path = "Preview Assets.xcassets"; sourceTree = "<group>"; };
		F53A077C294003BD000BBA11 /* Album.swift */ = {isa = PBXFileReference; lastKnownFileType = sourcecode.swift; path = Album.swift; sourceTree = "<group>"; };
		F53A077E2940079C000BBA11 /* AlbumViewModel.swift */ = {isa = PBXFileReference; lastKnownFileType = sourcecode.swift; path = AlbumViewModel.swift; sourceTree = "<group>"; };
		F53A07832940157A000BBA11 /* AlbumSearchView.swift */ = {isa = PBXFileReference; lastKnownFileType = sourcecode.swift; path = AlbumSearchView.swift; sourceTree = "<group>"; };
/* End PBXFileReference section */

/* Begin PBXFrameworksBuildPhase section */
		F53A075D293FFF16000BBA11 /* Frameworks */ = {
			isa = PBXFrameworksBuildPhase;
			buildActionMask = 2147483647;
			files = (
			);
			runOnlyForDeploymentPostprocessing = 0;
		};
/* End PBXFrameworksBuildPhase section */

/* Begin PBXGroup section */
		F53A0757293FFF16000BBA11 = {
			isa = PBXGroup;
			children = (
				F53A0762293FFF16000BBA11 /* Task iTunes App */,
				F53A0761293FFF16000BBA11 /* Products */,
			);
			sourceTree = "<group>";
		};
		F53A0761293FFF16000BBA11 /* Products */ = {
			isa = PBXGroup;
			children = (
				F53A0760293FFF16000BBA11 /* Task iTunes App.app */,
			);
			name = Products;
			sourceTree = "<group>";
		};
		F53A0762293FFF16000BBA11 /* Task iTunes App */ = {
			isa = PBXGroup;
			children = (
				F53A0763293FFF16000BBA11 /* Task_iTunes_AppApp.swift */,
				F53A07742940001A000BBA11 /* Views */,
				F53A077329400010000BBA11 /* ViewModels */,
				F53A0772293FFFBF000BBA11 /* Models */,
				F53A0771293FFFAA000BBA11 /* Data */,
				F53A0767293FFF17000BBA11 /* Assets.xcassets */,
				F53A0769293FFF17000BBA11 /* Preview Content */,
			);
			path = "Task iTunes App";
			sourceTree = "<group>";
		};
		F53A0769293FFF17000BBA11 /* Preview Content */ = {
			isa = PBXGroup;
			children = (
				F53A076A293FFF17000BBA11 /* Preview Assets.xcassets */,
			);
			path = "Preview Content";
			sourceTree = "<group>";
		};
		F53A0771293FFFAA000BBA11 /* Data */ = {
			isa = PBXGroup;
			children = (
			);
			path = Data;
			sourceTree = "<group>";
		};
		F53A0772293FFFBF000BBA11 /* Models */ = {
			isa = PBXGroup;
			children = (
				F53A077C294003BD000BBA11 /* Album.swift */,
			);
			path = Models;
			sourceTree = "<group>";
		};
		F53A077329400010000BBA11 /* ViewModels */ = {
			isa = PBXGroup;
			children = (
				F53A077E2940079C000BBA11 /* AlbumViewModel.swift */,
			);
			path = ViewModels;
			sourceTree = "<group>";
		};
		F53A07742940001A000BBA11 /* Views */ = {
			isa = PBXGroup;
			children = (
				F53A0765293FFF16000BBA11 /* LaunchView.swift */,
				F53A078229401504000BBA11 /* AlbumViews */,
			);
			path = Views;
			sourceTree = "<group>";
		};
		F53A078229401504000BBA11 /* AlbumViews */ = {
			isa = PBXGroup;
			children = (
				F53A07832940157A000BBA11 /* AlbumSearchView.swift */,
				F52055E62947889100667A31 /* ImageLoadingView.swift */,
				F52055E829478A3900667A31 /* AlbumRowView.swift */,
			);
			path = AlbumViews;
			sourceTree = "<group>";
		};
/* End PBXGroup section */

/* Begin PBXNativeTarget section */
		F53A075F293FFF16000BBA11 /* Task iTunes App */ = {
			isa = PBXNativeTarget;
			buildConfigurationList = F53A076E293FFF17000BBA11 /* Build configuration list for PBXNativeTarget "Task iTunes App" */;
			buildPhases = (
				F53A075C293FFF16000BBA11 /* Sources */,
				F53A075D293FFF16000BBA11 /* Frameworks */,
				F53A075E293FFF16000BBA11 /* Resources */,
			);
			buildRules = (
			);
			dependencies = (
			);
			name = "Task iTunes App";
			productName = "Task iTunes App";
			productReference = F53A0760293FFF16000BBA11 /* Task iTunes App.app */;
			productType = "com.apple.product-type.application";
		};
/* End PBXNativeTarget section */

/* Begin PBXProject section */
		F53A0758293FFF16000BBA11 /* Project object */ = {
			isa = PBXProject;
			attributes = {
				BuildIndependentTargetsInParallel = 1;
				LastSwiftUpdateCheck = 1410;
				LastUpgradeCheck = 1410;
				TargetAttributes = {
					F53A075F293FFF16000BBA11 = {
						CreatedOnToolsVersion = 14.1;
					};
				};
			};
			buildConfigurationList = F53A075B293FFF16000BBA11 /* Build configuration list for PBXProject "Task iTunes App" */;
			compatibilityVersion = "Xcode 14.0";
			developmentRegion = en;
			hasScannedForEncodings = 0;
			knownRegions = (
				en,
				Base,
			);
			mainGroup = F53A0757293FFF16000BBA11;
			productRefGroup = F53A0761293FFF16000BBA11 /* Products */;
			projectDirPath = "";
			projectRoot = "";
			targets = (
				F53A075F293FFF16000BBA11 /* Task iTunes App */,
			);
		};
/* End PBXProject section */

/* Begin PBXResourcesBuildPhase section */
		F53A075E293FFF16000BBA11 /* Resources */ = {
			isa = PBXResourcesBuildPhase;
			buildActionMask = 2147483647;
			files = (
				F53A076B293FFF17000BBA11 /* Preview Assets.xcassets in Resources */,
				F53A0768293FFF17000BBA11 /* Assets.xcassets in Resources */,
			);
			runOnlyForDeploymentPostprocessing = 0;
		};
/* End PBXResourcesBuildPhase section */

/* Begin PBXSourcesBuildPhase section */
		F53A075C293FFF16000BBA11 /* Sources */ = {
			isa = PBXSourcesBuildPhase;
			buildActionMask = 2147483647;
			files = (
				F53A0766293FFF16000BBA11 /* LaunchView.swift in Sources */,
				F53A077F2940079C000BBA11 /* AlbumViewModel.swift in Sources */,
				F53A07842940157A000BBA11 /* AlbumSearchView.swift in Sources */,
				F52055E72947889100667A31 /* ImageLoadingView.swift in Sources */,
				F53A0764293FFF16000BBA11 /* Task_iTunes_AppApp.swift in Sources */,
				F52055E929478A3900667A31 /* AlbumRowView.swift in Sources */,
				F53A077D294003BD000BBA11 /* Album.swift in Sources */,
			);
			runOnlyForDeploymentPostprocessing = 0;
		};
/* End PBXSourcesBuildPhase section */

/* Begin XCBuildConfiguration section */
		F53A076C293FFF17000BBA11 /* Debug */ = {
			isa = XCBuildConfiguration;
			buildSettings = {
				ALWAYS_SEARCH_USER_PATHS = NO;
				CLANG_ANALYZER_NONNULL = YES;
				CLANG_ANALYZER_NUMBER_OBJECT_CONVERSION = YES_AGGRESSIVE;
				CLANG_CXX_LANGUAGE_STANDARD = "gnu++20";
				CLANG_ENABLE_MODULES = YES;
				CLANG_ENABLE_OBJC_ARC = YES;
				CLANG_ENABLE_OBJC_WEAK = YES;
				CLANG_WARN_BLOCK_CAPTURE_AUTORELEASING = YES;
				CLANG_WARN_BOOL_CONVERSION = YES;
				CLANG_WARN_COMMA = YES;
				CLANG_WARN_CONSTANT_CONVERSION = YES;
				CLANG_WARN_DEPRECATED_OBJC_IMPLEMENTATIONS = YES;
				CLANG_WARN_DIRECT_OBJC_ISA_USAGE = YES_ERROR;
				CLANG_WARN_DOCUMENTATION_COMMENTS = YES;
				CLANG_WARN_EMPTY_BODY = YES;
				CLANG_WARN_ENUM_CONVERSION = YES;
				CLANG_WARN_INFINITE_RECURSION = YES;
				CLANG_WARN_INT_CONVERSION = YES;
				CLANG_WARN_NON_LITERAL_NULL_CONVERSION = YES;
				CLANG_WARN_OBJC_IMPLICIT_RETAIN_SELF = YES;
				CLANG_WARN_OBJC_LITERAL_CONVERSION = YES;
				CLANG_WARN_OBJC_ROOT_CLASS = YES_ERROR;
				CLANG_WARN_QUOTED_INCLUDE_IN_FRAMEWORK_HEADER = YES;
				CLANG_WARN_RANGE_LOOP_ANALYSIS = YES;
				CLANG_WARN_STRICT_PROTOTYPES = YES;
				CLANG_WARN_SUSPICIOUS_MOVE = YES;
				CLANG_WARN_UNGUARDED_AVAILABILITY = YES_AGGRESSIVE;
				CLANG_WARN_UNREACHABLE_CODE = YES;
				CLANG_WARN__DUPLICATE_METHOD_MATCH = YES;
				COPY_PHASE_STRIP = NO;
				DEBUG_INFORMATION_FORMAT = dwarf;
				ENABLE_STRICT_OBJC_MSGSEND = YES;
				ENABLE_TESTABILITY = YES;
				GCC_C_LANGUAGE_STANDARD = gnu11;
				GCC_DYNAMIC_NO_PIC = NO;
				GCC_NO_COMMON_BLOCKS = YES;
				GCC_OPTIMIZATION_LEVEL = 0;
				GCC_PREPROCESSOR_DEFINITIONS = (
					"DEBUG=1",
					"$(inherited)",
				);
				GCC_WARN_64_TO_32_BIT_CONVERSION = YES;
				GCC_WARN_ABOUT_RETURN_TYPE = YES_ERROR;
				GCC_WARN_UNDECLARED_SELECTOR = YES;
				GCC_WARN_UNINITIALIZED_AUTOS = YES_AGGRESSIVE;
				GCC_WARN_UNUSED_FUNCTION = YES;
				GCC_WARN_UNUSED_VARIABLE = YES;
				IPHONEOS_DEPLOYMENT_TARGET = 16.1;
				MTL_ENABLE_DEBUG_INFO = INCLUDE_SOURCE;
				MTL_FAST_MATH = YES;
				ONLY_ACTIVE_ARCH = YES;
				SDKROOT = iphoneos;
				SWIFT_ACTIVE_COMPILATION_CONDITIONS = DEBUG;
				SWIFT_OPTIMIZATION_LEVEL = "-Onone";
			};
			name = Debug;
		};
		F53A076D293FFF17000BBA11 /* Release */ = {
			isa = XCBuildConfiguration;
			buildSettings = {
				ALWAYS_SEARCH_USER_PATHS = NO;
				CLANG_ANALYZER_NONNULL = YES;
				CLANG_ANALYZER_NUMBER_OBJECT_CONVERSION = YES_AGGRESSIVE;
				CLANG_CXX_LANGUAGE_STANDARD = "gnu++20";
				CLANG_ENABLE_MODULES = YES;
				CLANG_ENABLE_OBJC_ARC = YES;
				CLANG_ENABLE_OBJC_WEAK = YES;
				CLANG_WARN_BLOCK_CAPTURE_AUTORELEASING = YES;
				CLANG_WARN_BOOL_CONVERSION = YES;
				CLANG_WARN_COMMA = YES;
				CLANG_WARN_CONSTANT_CONVERSION = YES;
				CLANG_WARN_DEPRECATED_OBJC_IMPLEMENTATIONS = YES;
				CLANG_WARN_DIRECT_OBJC_ISA_USAGE = YES_ERROR;
				CLANG_WARN_DOCUMENTATION_COMMENTS = YES;
				CLANG_WARN_EMPTY_BODY = YES;
				CLANG_WARN_ENUM_CONVERSION = YES;
				CLANG_WARN_INFINITE_RECURSION = YES;
				CLANG_WARN_INT_CONVERSION = YES;
				CLANG_WARN_NON_LITERAL_NULL_CONVERSION = YES;
				CLANG_WARN_OBJC_IMPLICIT_RETAIN_SELF = YES;
				CLANG_WARN_OBJC_LITERAL_CONVERSION = YES;
				CLANG_WARN_OBJC_ROOT_CLASS = YES_ERROR;
				CLANG_WARN_QUOTED_INCLUDE_IN_FRAMEWORK_HEADER = YES;
				CLANG_WARN_RANGE_LOOP_ANALYSIS = YES;
				CLANG_WARN_STRICT_PROTOTYPES = YES;
				CLANG_WARN_SUSPICIOUS_MOVE = YES;
				CLANG_WARN_UNGUARDED_AVAILABILITY = YES_AGGRESSIVE;
				CLANG_WARN_UNREACHABLE_CODE = YES;
				CLANG_WARN__DUPLICATE_METHOD_MATCH = YES;
				COPY_PHASE_STRIP = NO;
				DEBUG_INFORMATION_FORMAT = "dwarf-with-dsym";
				ENABLE_NS_ASSERTIONS = NO;
				ENABLE_STRICT_OBJC_MSGSEND = YES;
				GCC_C_LANGUAGE_STANDARD = gnu11;
				GCC_NO_COMMON_BLOCKS = YES;
				GCC_WARN_64_TO_32_BIT_CONVERSION = YES;
				GCC_WARN_ABOUT_RETURN_TYPE = YES_ERROR;
				GCC_WARN_UNDECLARED_SELECTOR = YES;
				GCC_WARN_UNINITIALIZED_AUTOS = YES_AGGRESSIVE;
				GCC_WARN_UNUSED_FUNCTION = YES;
				GCC_WARN_UNUSED_VARIABLE = YES;
				IPHONEOS_DEPLOYMENT_TARGET = 16.1;
				MTL_ENABLE_DEBUG_INFO = NO;
				MTL_FAST_MATH = YES;
				SDKROOT = iphoneos;
				SWIFT_COMPILATION_MODE = wholemodule;
				SWIFT_OPTIMIZATION_LEVEL = "-O";
				VALIDATE_PRODUCT = YES;
			};
			name = Release;
		};
		F53A076F293FFF17000BBA11 /* Debug */ = {
			isa = XCBuildConfiguration;
			buildSettings = {
				ASSETCATALOG_COMPILER_APPICON_NAME = AppIcon;
				ASSETCATALOG_COMPILER_GLOBAL_ACCENT_COLOR_NAME = AccentColor;
				CODE_SIGN_STYLE = Automatic;
				CURRENT_PROJECT_VERSION = 1;
				DEVELOPMENT_ASSET_PATHS = "\"Task iTunes App/Preview Content\"";
				DEVELOPMENT_TEAM = 4CX5V73W34;
				ENABLE_PREVIEWS = YES;
				GENERATE_INFOPLIST_FILE = YES;
				INFOPLIST_KEY_UIApplicationSceneManifest_Generation = YES;
				INFOPLIST_KEY_UIApplicationSupportsIndirectInputEvents = YES;
				INFOPLIST_KEY_UILaunchScreen_Generation = YES;
				INFOPLIST_KEY_UISupportedInterfaceOrientations_iPad = "UIInterfaceOrientationPortrait UIInterfaceOrientationPortraitUpsideDown UIInterfaceOrientationLandscapeLeft UIInterfaceOrientationLandscapeRight";
				INFOPLIST_KEY_UISupportedInterfaceOrientations_iPhone = "UIInterfaceOrientationPortrait UIInterfaceOrientationLandscapeLeft UIInterfaceOrientationLandscapeRight";
				LD_RUNPATH_SEARCH_PATHS = (
					"$(inherited)",
					"@executable_path/Frameworks",
				);
				MARKETING_VERSION = 1.0;
				PRODUCT_BUNDLE_IDENTIFIER = "Version1.Task-iTunes-App";
				PRODUCT_NAME = "$(TARGET_NAME)";
				SWIFT_EMIT_LOC_STRINGS = YES;
				SWIFT_VERSION = 5.0;
				TARGETED_DEVICE_FAMILY = "1,2";
			};
			name = Debug;
		};
		F53A0770293FFF17000BBA11 /* Release */ = {
			isa = XCBuildConfiguration;
			buildSettings = {
				ASSETCATALOG_COMPILER_APPICON_NAME = AppIcon;
				ASSETCATALOG_COMPILER_GLOBAL_ACCENT_COLOR_NAME = AccentColor;
				CODE_SIGN_STYLE = Automatic;
				CURRENT_PROJECT_VERSION = 1;
				DEVELOPMENT_ASSET_PATHS = "\"Task iTunes App/Preview Content\"";
				DEVELOPMENT_TEAM = 4CX5V73W34;
				ENABLE_PREVIEWS = YES;
				GENERATE_INFOPLIST_FILE = YES;
				INFOPLIST_KEY_UIApplicationSceneManifest_Generation = YES;
				INFOPLIST_KEY_UIApplicationSupportsIndirectInputEvents = YES;
				INFOPLIST_KEY_UILaunchScreen_Generation = YES;
				INFOPLIST_KEY_UISupportedInterfaceOrientations_iPad = "UIInterfaceOrientationPortrait UIInterfaceOrientationPortraitUpsideDown UIInterfaceOrientationLandscapeLeft UIInterfaceOrientationLandscapeRight";
				INFOPLIST_KEY_UISupportedInterfaceOrientations_iPhone = "UIInterfaceOrientationPortrait UIInterfaceOrientationLandscapeLeft UIInterfaceOrientationLandscapeRight";
				LD_RUNPATH_SEARCH_PATHS = (
					"$(inherited)",
					"@executable_path/Frameworks",
				);
				MARKETING_VERSION = 1.0;
				PRODUCT_BUNDLE_IDENTIFIER = "Version1.Task-iTunes-App";
				PRODUCT_NAME = "$(TARGET_NAME)";
				SWIFT_EMIT_LOC_STRINGS = YES;
				SWIFT_VERSION = 5.0;
				TARGETED_DEVICE_FAMILY = "1,2";
			};
			name = Release;
		};
/* End XCBuildConfiguration section */

/* Begin XCConfigurationList section */
		F53A075B293FFF16000BBA11 /* Build configuration list for PBXProject "Task iTunes App" */ = {
			isa = XCConfigurationList;
			buildConfigurations = (
				F53A076C293FFF17000BBA11 /* Debug */,
				F53A076D293FFF17000BBA11 /* Release */,
			);
			defaultConfigurationIsVisible = 0;
			defaultConfigurationName = Release;
		};
		F53A076E293FFF17000BBA11 /* Build configuration list for PBXNativeTarget "Task iTunes App" */ = {
			isa = XCConfigurationList;
			buildConfigurations = (
				F53A076F293FFF17000BBA11 /* Debug */,
				F53A0770293FFF17000BBA11 /* Release */,
			);
			defaultConfigurationIsVisible = 0;
			defaultConfigurationName = Release;
		};
/* End XCConfigurationList section */
	};
	rootObject = F53A0758293FFF16000BBA11 /* Project object */;
}
